
Microsoft Visual Studio Solution File, Format Version 12.00
# Visual Studio Version 16
VisualStudioVersion = 25.0.1705.6
MinimumVisualStudioVersion = 10.0.40219.1
Project("{FAE04EC0-301F-11D3-BF4B-00C04F79EFBC}") = "SFrost.API", "SFrost.API\SFrost.API.csproj", "{2626C6FA-466E-457F-858D-190F9F2C22F2}"
EndProject
Project("{FAE04EC0-301F-11D3-BF4B-00C04F79EFBC}") = "SFrost.Web", "SFrost.Web\SFrost.Web.csproj", "{09643240-BF16-49EF-8788-C4AE00CF2FA3}"
EndProject
Global
	GlobalSection(SolutionConfigurationPlatforms) = preSolution
		Debug|Any CPU = Debug|Any CPU
		Release|Any CPU = Release|Any CPU
	EndGlobalSection
	GlobalSection(ProjectConfigurationPlatforms) = postSolution
		{2626C6FA-466E-457F-858D-190F9F2C22F2}.Debug|Any CPU.ActiveCfg = Debug|Any CPU
		{2626C6FA-466E-457F-858D-190F9F2C22F2}.Debug|Any CPU.Build.0 = Debug|Any CPU
		{2626C6FA-466E-457F-858D-190F9F2C22F2}.Release|Any CPU.ActiveCfg = Release|Any CPU
		{2626C6FA-466E-457F-858D-190F9F2C22F2}.Release|Any CPU.Build.0 = Release|Any CPU
		{09643240-BF16-49EF-8788-C4AE00CF2FA3}.Debug|Any CPU.ActiveCfg = Debug|Any CPU
		{09643240-BF16-49EF-8788-C4AE00CF2FA3}.Debug|Any CPU.Build.0 = Debug|Any CPU
		{09643240-BF16-49EF-8788-C4AE00CF2FA3}.Release|Any CPU.ActiveCfg = Release|Any CPU
		{09643240-BF16-49EF-8788-C4AE00CF2FA3}.Release|Any CPU.Build.0 = Release|Any CPU
	EndGlobalSection
	GlobalSection(SolutionProperties) = preSolution
		HideSolutionNode = FALSE
	EndGlobalSection
	GlobalSection(ExtensibilityGlobals) = postSolution
		SolutionGuid = {589F98C2-1773-4046-92E3-638EB31D24F7}
	EndGlobalSection
EndGlobal
